
Microsoft Visual Studio Solution File, Format Version 11.00
# Visual C# Express 2010
Project("{FAE04EC0-301F-11D3-BF4B-00C04F79EFBC}") = "EasyDrawLib", "EasyDrawLib\EasyDrawLib.csproj", "{89F38C3E-F47D-4AE5-B532-E0CB3B2DA573}"
EndProject
Project("{FAE04EC0-301F-11D3-BF4B-00C04F79EFBC}") = "EasyDrawExample", "EasyDrawExample\EasyDrawExample.csproj", "{26B6E14D-3DB9-4178-AC65-A1FD753BBF47}"
EndProject
Global
	GlobalSection(SolutionConfigurationPlatforms) = preSolution
		Debug|Any CPU = Debug|Any CPU
		Debug|Mixed Platforms = Debug|Mixed Platforms
		Debug|x86 = Debug|x86
		Release|Any CPU = Release|Any CPU
		Release|Mixed Platforms = Release|Mixed Platforms
		Release|x86 = Release|x86
	EndGlobalSection
	GlobalSection(ProjectConfigurationPlatforms) = postSolution
		{89F38C3E-F47D-4AE5-B532-E0CB3B2DA573}.Debug|Any CPU.ActiveCfg = Debug|Any CPU
		{89F38C3E-F47D-4AE5-B532-E0CB3B2DA573}.Debug|Any CPU.Build.0 = Debug|Any CPU
		{89F38C3E-F47D-4AE5-B532-E0CB3B2DA573}.Debug|Mixed Platforms.ActiveCfg = Debug|Any CPU
		{89F38C3E-F47D-4AE5-B532-E0CB3B2DA573}.Debug|Mixed Platforms.Build.0 = Debug|Any CPU
		{89F38C3E-F47D-4AE5-B532-E0CB3B2DA573}.Debug|x86.ActiveCfg = Debug|Any CPU
		{89F38C3E-F47D-4AE5-B532-E0CB3B2DA573}.Release|Any CPU.ActiveCfg = Release|Any CPU
		{89F38C3E-F47D-4AE5-B532-E0CB3B2DA573}.Release|Any CPU.Build.0 = Release|Any CPU
		{89F38C3E-F47D-4AE5-B532-E0CB3B2DA573}.Release|Mixed Platforms.ActiveCfg = Release|Any CPU
		{89F38C3E-F47D-4AE5-B532-E0CB3B2DA573}.Release|Mixed Platforms.Build.0 = Release|Any CPU
		{89F38C3E-F47D-4AE5-B532-E0CB3B2DA573}.Release|x86.ActiveCfg = Release|Any CPU
		{26B6E14D-3DB9-4178-AC65-A1FD753BBF47}.Debug|Any CPU.ActiveCfg = Debug|x86
		{26B6E14D-3DB9-4178-AC65-A1FD753BBF47}.Debug|Mixed Platforms.ActiveCfg = Debug|x86
		{26B6E14D-3DB9-4178-AC65-A1FD753BBF47}.Debug|Mixed Platforms.Build.0 = Debug|x86
		{26B6E14D-3DB9-4178-AC65-A1FD753BBF47}.Debug|x86.ActiveCfg = Debug|x86
		{26B6E14D-3DB9-4178-AC65-A1FD753BBF47}.Debug|x86.Build.0 = Debug|x86
		{26B6E14D-3DB9-4178-AC65-A1FD753BBF47}.Release|Any CPU.ActiveCfg = Release|x86
		{26B6E14D-3DB9-4178-AC65-A1FD753BBF47}.Release|Mixed Platforms.ActiveCfg = Release|x86
		{26B6E14D-3DB9-4178-AC65-A1FD753BBF47}.Release|Mixed Platforms.Build.0 = Release|x86
		{26B6E14D-3DB9-4178-AC65-A1FD753BBF47}.Release|x86.ActiveCfg = Release|x86
		{26B6E14D-3DB9-4178-AC65-A1FD753BBF47}.Release|x86.Build.0 = Release|x86
	EndGlobalSection
	GlobalSection(SolutionProperties) = preSolution
		HideSolutionNode = FALSE
	EndGlobalSection
EndGlobal
